[[package]]
name = "unittest"
version = "0.0"
description = ""
category = "main"
optional = false
python-versions = "*"

[metadata]
lock-version = "1.1"
python-versions = "^3.8"
content-hash = "d152e2856cbd167fdb5258d6c6c9cc22d6d2668c20e550bcd6ffe400210cd2af"

[metadata.files]
unittest = [
    {file = "unittest2-0.0.0.tar.gz", hash = "sha256:1b492484bea7f68abda5fcc61412e77b6a105e5842355d630f8b75f01add3555"},
]
